
Microsoft Visual Studio Solution File, Format Version 12.00
# Visual Studio 2012
Project("{FAE04EC0-301F-11D3-BF4B-00C04F79EFBC}") = "TradeGeckoApi", "TradeGeckoApi\TradeGeckoApi.csproj", "{4DAAC410-BECC-4B88-9A3B-71100F5C17DE}"
EndProject
Project("{FAE04EC0-301F-11D3-BF4B-00C04F79EFBC}") = "TradeGeckoTest", "TradeGeckoTest\TradeGeckoTest.csproj", "{C7AA3B1A-8347-43F3-9C81-DEDBA6609549}"
EndProject
Project("{2150E333-8FDC-42A3-9474-1A3956D46DE8}") = ".nuget", ".nuget", "{7EFC3249-DF7E-41B4-99AA-9E7FCB86AFB4}"
	ProjectSection(SolutionItems) = preProject
		.nuget\NuGet.Config = .nuget\NuGet.Config
		.nuget\NuGet.exe = .nuget\NuGet.exe
		.nuget\NuGet.targets = .nuget\NuGet.targets
	EndProjectSection
EndProject
Global
	GlobalSection(SolutionConfigurationPlatforms) = preSolution
		Debug|Any CPU = Debug|Any CPU
		Release|Any CPU = Release|Any CPU
	EndGlobalSection
	GlobalSection(ProjectConfigurationPlatforms) = postSolution
		{4DAAC410-BECC-4B88-9A3B-71100F5C17DE}.Debug|Any CPU.ActiveCfg = Debug|Any CPU
		{4DAAC410-BECC-4B88-9A3B-71100F5C17DE}.Debug|Any CPU.Build.0 = Debug|Any CPU
		{4DAAC410-BECC-4B88-9A3B-71100F5C17DE}.Release|Any CPU.ActiveCfg = Release|Any CPU
		{4DAAC410-BECC-4B88-9A3B-71100F5C17DE}.Release|Any CPU.Build.0 = Release|Any CPU
		{C7AA3B1A-8347-43F3-9C81-DEDBA6609549}.Debug|Any CPU.ActiveCfg = Debug|Any CPU
		{C7AA3B1A-8347-43F3-9C81-DEDBA6609549}.Debug|Any CPU.Build.0 = Debug|Any CPU
		{C7AA3B1A-8347-43F3-9C81-DEDBA6609549}.Release|Any CPU.ActiveCfg = Release|Any CPU
		{C7AA3B1A-8347-43F3-9C81-DEDBA6609549}.Release|Any CPU.Build.0 = Release|Any CPU
	EndGlobalSection
	GlobalSection(SolutionProperties) = preSolution
		HideSolutionNode = FALSE
	EndGlobalSection
EndGlobal
